
Microsoft Visual Studio Solution File, Format Version 12.00
# Visual Studio 15
VisualStudioVersion = 15.0.28010.2041
MinimumVisualStudioVersion = 10.0.40219.1
Project("{FAE04EC0-301F-11D3-BF4B-00C04F79EFBC}") = "Entidades", "Entidades\Entidades.csproj", "{4BE93A90-C3AC-4996-9A8C-EB4C582558FE}"
EndProject
Project("{FAE04EC0-301F-11D3-BF4B-00C04F79EFBC}") = "MainCorreo", "MainCorreo\MainCorreo.csproj", "{D5CB1107-2F2A-449D-B542-26062C6723E8}"
EndProject
Project("{FAE04EC0-301F-11D3-BF4B-00C04F79EFBC}") = "TestUnitarios", "TestUnitarios\TestUnitarios.csproj", "{6C169811-B0FC-4D0C-9DBD-345C2694C4E3}"
EndProject
Global
	GlobalSection(SolutionConfigurationPlatforms) = preSolution
		Debug|Any CPU = Debug|Any CPU
		Release|Any CPU = Release|Any CPU
	EndGlobalSection
	GlobalSection(ProjectConfigurationPlatforms) = postSolution
		{4BE93A90-C3AC-4996-9A8C-EB4C582558FE}.Debug|Any CPU.ActiveCfg = Debug|Any CPU
		{4BE93A90-C3AC-4996-9A8C-EB4C582558FE}.Debug|Any CPU.Build.0 = Debug|Any CPU
		{4BE93A90-C3AC-4996-9A8C-EB4C582558FE}.Release|Any CPU.ActiveCfg = Release|Any CPU
		{4BE93A90-C3AC-4996-9A8C-EB4C582558FE}.Release|Any CPU.Build.0 = Release|Any CPU
		{D5CB1107-2F2A-449D-B542-26062C6723E8}.Debug|Any CPU.ActiveCfg = Debug|Any CPU
		{D5CB1107-2F2A-449D-B542-26062C6723E8}.Debug|Any CPU.Build.0 = Debug|Any CPU
		{D5CB1107-2F2A-449D-B542-26062C6723E8}.Release|Any CPU.ActiveCfg = Release|Any CPU
		{D5CB1107-2F2A-449D-B542-26062C6723E8}.Release|Any CPU.Build.0 = Release|Any CPU
		{6C169811-B0FC-4D0C-9DBD-345C2694C4E3}.Debug|Any CPU.ActiveCfg = Debug|Any CPU
		{6C169811-B0FC-4D0C-9DBD-345C2694C4E3}.Debug|Any CPU.Build.0 = Debug|Any CPU
		{6C169811-B0FC-4D0C-9DBD-345C2694C4E3}.Release|Any CPU.ActiveCfg = Release|Any CPU
		{6C169811-B0FC-4D0C-9DBD-345C2694C4E3}.Release|Any CPU.Build.0 = Release|Any CPU
	EndGlobalSection
	GlobalSection(SolutionProperties) = preSolution
		HideSolutionNode = FALSE
	EndGlobalSection
	GlobalSection(ExtensibilityGlobals) = postSolution
		SolutionGuid = {FAC1957D-4DED-4843-AB35-F53043450CB5}
	EndGlobalSection
EndGlobal
